
Microsoft Visual Studio Solution File, Format Version 12.00
# Visual Studio Version 17
VisualStudioVersion = 17.14.36930.0 d17.14
MinimumVisualStudioVersion = 10.0.40219.1
Project("{FAE04EC0-301F-11D3-BF4B-00C04F79EFBC}") = "CustomerService", "CustomerService.csproj", "{43354BD7-6538-4836-AF61-C37769E1F320}"
EndProject
Global
	GlobalSection(SolutionConfigurationPlatforms) = preSolution
		Debug|Any CPU = Debug|Any CPU
		Release|Any CPU = Release|Any CPU
	EndGlobalSection
	GlobalSection(ProjectConfigurationPlatforms) = postSolution
		{43354BD7-6538-4836-AF61-C37769E1F320}.Debug|Any CPU.ActiveCfg = Debug|Any CPU
		{43354BD7-6538-4836-AF61-C37769E1F320}.Debug|Any CPU.Build.0 = Debug|Any CPU
		{43354BD7-6538-4836-AF61-C37769E1F320}.Release|Any CPU.ActiveCfg = Release|Any CPU
		{43354BD7-6538-4836-AF61-C37769E1F320}.Release|Any CPU.Build.0 = Release|Any CPU
	EndGlobalSection
	GlobalSection(SolutionProperties) = preSolution
		HideSolutionNode = FALSE
	EndGlobalSection
	GlobalSection(ExtensibilityGlobals) = postSolution
		SolutionGuid = {72F41C9E-A32B-4D5B-AB70-0E3BF9409BA7}
	EndGlobalSection
EndGlobal
